
Microsoft Visual Studio Solution File, Format Version 12.00
# Visual Studio Version 16
VisualStudioVersion = 16.0.28803.156
MinimumVisualStudioVersion = 10.0.40219.1
Project("{FAE04EC0-301F-11D3-BF4B-00C04F79EFBC}") = "CS-Utility", "CS-Utility.csproj", "{E850FF8A-72F4-498C-B3DD-BF0802E18F1B}"
EndProject
Project("{FAE04EC0-301F-11D3-BF4B-00C04F79EFBC}") = "Unit Tests", "UnitTests\Unit Tests.csproj", "{62A9B4FE-E320-428F-97A6-0956A20D601D}"
EndProject
Global
	GlobalSection(SolutionConfigurationPlatforms) = preSolution
		Debug|x64 = Debug|x64
		Release|x64 = Release|x64
	EndGlobalSection
	GlobalSection(ProjectConfigurationPlatforms) = postSolution
		{E850FF8A-72F4-498C-B3DD-BF0802E18F1B}.Debug|x64.ActiveCfg = Debug|x64
		{E850FF8A-72F4-498C-B3DD-BF0802E18F1B}.Debug|x64.Build.0 = Debug|x64
		{E850FF8A-72F4-498C-B3DD-BF0802E18F1B}.Release|x64.ActiveCfg = Release|x64
		{E850FF8A-72F4-498C-B3DD-BF0802E18F1B}.Release|x64.Build.0 = Release|x64
		{62A9B4FE-E320-428F-97A6-0956A20D601D}.Debug|x64.ActiveCfg = Debug|x64
		{62A9B4FE-E320-428F-97A6-0956A20D601D}.Debug|x64.Build.0 = Debug|x64
		{62A9B4FE-E320-428F-97A6-0956A20D601D}.Release|x64.ActiveCfg = Release|x64
		{62A9B4FE-E320-428F-97A6-0956A20D601D}.Release|x64.Build.0 = Release|x64
	EndGlobalSection
	GlobalSection(SolutionProperties) = preSolution
		HideSolutionNode = FALSE
	EndGlobalSection
	GlobalSection(ExtensibilityGlobals) = postSolution
		SolutionGuid = {B9B5E920-85AE-42D8-ABFF-585070A71434}
	EndGlobalSection
EndGlobal
